<?xml version="1.0" encoding="utf-8"?>
<Project ToolsVersion="4.0" xmlns="http://schemas.microsoft.com/developer/msbuild/2003">
  <ItemGroup>
    <Filter Include="Source Files">
      <UniqueIdentifier>{4FC737F1-C7A5-4376-A066-2A32D752A2FF}</UniqueIdentifier>
      <Extensions>cpp;c;cc;cxx;def;odl;idl;hpj;bat;asm;asmx</Extensions>
    </Filter>
    <Filter Include="Header Files">
      <UniqueIdentifier>{93995380-89BD-4b04-88EB-625FBE52EBFB}</UniqueIdentifier>
      <Extensions>h;hh;hpp;hxx;hm;inl;inc;xsd</Extensions>
    </Filter>
    <Filter Include="Resource Files">
      <UniqueIdentifier>{67DA6AB6-F800-4c08-8B7A-83BB121AAD01}</UniqueIdentifier>
      <Extensions>rc;ico;cur;bmp;dlg;rc2;rct;bin;rgs;gif;jpg;jpeg;jpe;resx;tiff;tif;png;wav;mfcribbon-ms</Extensions>
    </Filter>
    <Filter Include="Shaders">
      <UniqueIdentifier>{f243418e-16fc-4d11-949d-086e84d49eb2}</UniqueIdentifier>
    </Filter>
    <Filter Include="Managers">
      <UniqueIdentifier>{9080bd39-df3d-439e-9305-ba5d981fb650}</UniqueIdentifier>
    </Filter>
    <Filter Include="Physics">
      <UniqueIdentifier>{748b9626-459b-429a-87ef-1ba4910a2235}</UniqueIdentifier>
    </Filter>
    <Filter Include="Utilities">
      <UniqueIdentifier>{a5b18649-f082-429d-9de6-c3a493f4e7ee}</UniqueIdentifier>
    </Filter>
    <Filter Include="Camera">
      <UniqueIdentifier>{9662a59a-a30f-49b2-bfc9-8f3d8cd8e0c3}</UniqueIdentifier>
    </Filter>
    <Filter Include="Controlls">
      <UniqueIdentifier>{7ffefb85-f96a-4010-a243-fc76d3dce2cb}</UniqueIdentifier>
    </Filter>
    <Filter Include="GameObject">
      <UniqueIdentifier>{e4537219-a0f7-4487-aa3a-84432719c53c}</UniqueIdentifier>
    </Filter>
    <Filter Include="DebugRenderer">
      <UniqueIdentifier>{2331dbb3-1d40-4698-b52b-23efe997bdbe}</UniqueIdentifier>
    </Filter>
    <Filter Include="Error">
      <UniqueIdentifier>{451f6578-5fb2-4969-80f9-442f2b456b2e}</UniqueIdentifier>
    </Filter>
    <Filter Include="VAO">
      <UniqueIdentifier>{a650c9f0-238d-4775-a98f-1d2db390858a}</UniqueIdentifier>
    </Filter>
  </ItemGroup>
  <ItemGroup>
    <ClCompile Include="TheMain.cpp">
      <Filter>Source Files</Filter>
    </ClCompile>
    <ClCompile Include="src\glad.c">
      <Filter>Source Files</Filter>
    </ClCompile>
    <ClCompile Include="cShaderManager.cpp">
      <Filter>Managers</Filter>
    </ClCompile>
    <ClCompile Include="cLightManager.cpp">
      <Filter>Managers</Filter>
    </ClCompile>
    <ClCompile Include="Physics.cpp">
      <Filter>Physics</Filter>
    </ClCompile>
    <ClCompile Include="cContactInfo.cpp">
      <Filter>Physics</Filter>
    </ClCompile>
    <ClCompile Include="Utilities.cpp">
      <Filter>Utilities</Filter>
    </ClCompile>
    <ClCompile Include="ModelUtilities.cpp">
      <Filter>Utilities</Filter>
    </ClCompile>
    <ClCompile Include="SceneLoader.cpp">
      <Filter>Utilities</Filter>
    </ClCompile>
    <ClCompile Include="AABB_Tri.cpp">
      <Filter>Physics</Filter>
    </ClCompile>
    <ClCompile Include="AABB_Center_Radius.cpp">
      <Filter>Physics</Filter>
    </ClCompile>
    <ClCompile Include="Camera.cpp">
      <Filter>Camera</Filter>
    </ClCompile>
    <ClCompile Include="Fly_Camera.cpp">
      <Filter>Camera</Filter>
    </ClCompile>
    <ClCompile Include="Follow_Camera.cpp">
      <Filter>Camera</Filter>
    </ClCompile>
    <ClCompile Include="Keyboard.cpp">
      <Filter>Controlls</Filter>
    </ClCompile>
    <ClCompile Include="cGameObject.cpp">
      <Filter>GameObject</Filter>
    </ClCompile>
    <ClCompile Include="cMesh.cpp">
      <Filter>GameObject</Filter>
    </ClCompile>
    <ClCompile Include="cTriangle.cpp">
      <Filter>GameObject</Filter>
    </ClCompile>
    <ClCompile Include="cVertex_xyz_rgb_n.cpp">
      <Filter>GameObject</Filter>
    </ClCompile>
    <ClCompile Include="cShader.cpp">
      <Filter>Shaders</Filter>
    </ClCompile>
    <ClCompile Include="ErrorLog.cpp">
      <Filter>Source Files</Filter>
    </ClCompile>
    <ClCompile Include="OpenGLError.cpp">
      <Filter>Source Files</Filter>
    </ClCompile>
    <ClCompile Include="cMathHelper.cpp">
      <Filter>Utilities</Filter>
    </ClCompile>
    <ClCompile Include="CStringHelper.cpp">
      <Filter>Utilities</Filter>
    </ClCompile>
    <ClCompile Include="CStringUtils.cpp">
      <Filter>Utilities</Filter>
    </ClCompile>
    <ClCompile Include="cVAOMeshManager.cpp">
      <Filter>VAO</Filter>
    </ClCompile>
    <ClCompile Include="C24BitBMPpixel.cpp">
      <Filter>Source Files</Filter>
    </ClCompile>
    <ClCompile Include="CTextureFromBMP.cpp">
      <Filter>Source Files</Filter>
    </ClCompile>
    <ClCompile Include="CTextureManager.cpp">
      <Filter>Source Files</Filter>
    </ClCompile>
    <ClCompile Include="DebugRenderer.cpp">
      <Filter>DebugRenderer</Filter>
    </ClCompile>
    <ClCompile Include="cDebugRenderer_BuiltInShapes.cpp">
      <Filter>Source Files</Filter>
    </ClCompile>
    <ClCompile Include="sMeshDrawInfo.cpp">
      <Filter>GameObject</Filter>
    </ClCompile>
    <ClCompile Include="cPhysicalProperties.cpp">
      <Filter>Source Files</Filter>
    </ClCompile>
    <ClCompile Include="MoveTo.cpp">
      <Filter>Source Files</Filter>
    </ClCompile>
  </ItemGroup>
  <ItemGroup>
    <ClInclude Include="cShaderManager.h">
      <Filter>Managers</Filter>
    </ClInclude>
    <ClInclude Include="cLightManager.h">
      <Filter>Managers</Filter>
    </ClInclude>
    <ClInclude Include="Physics.h">
      <Filter>Physics</Filter>
    </ClInclude>
    <ClInclude Include="cContactInfo.h">
      <Filter>Physics</Filter>
    </ClInclude>
    <ClInclude Include="Utilities.h">
      <Filter>Utilities</Filter>
    </ClInclude>
    <ClInclude Include="ModelUtilities.h">
      <Filter>Utilities</Filter>
    </ClInclude>
    <ClInclude Include="AABB_Tri.h">
      <Filter>Physics</Filter>
    </ClInclude>
    <ClInclude Include="AABB_Center_Radius.h">
      <Filter>Physics</Filter>
    </ClInclude>
    <ClInclude Include="Camera.h">
      <Filter>Camera</Filter>
    </ClInclude>
    <ClInclude Include="Keyboard.h">
      <Filter>Controlls</Filter>
    </ClInclude>
    <ClInclude Include="cGameObject.h">
      <Filter>GameObject</Filter>
    </ClInclude>
    <ClInclude Include="cMesh.h">
      <Filter>GameObject</Filter>
    </ClInclude>
    <ClInclude Include="cTriangle.h">
      <Filter>GameObject</Filter>
    </ClInclude>
    <ClInclude Include="cVertex_xyz_rgb_n.h">
      <Filter>GameObject</Filter>
    </ClInclude>
    <ClInclude Include="DebugRenderer.h">
      <Filter>DebugRenderer</Filter>
    </ClInclude>
    <ClInclude Include="iDebugRenderer.h">
      <Filter>Header Files</Filter>
    </ClInclude>
    <ClInclude Include="OpenGLError.h">
      <Filter>Error</Filter>
    </ClInclude>
    <ClInclude Include="ErrorLog.h">
      <Filter>Header Files</Filter>
    </ClInclude>
    <ClInclude Include="globalOpenGL_GLFW.h">
      <Filter>Header Files</Filter>
    </ClInclude>
    <ClInclude Include="cMathHelper.h">
      <Filter>Utilities</Filter>
    </ClInclude>
    <ClInclude Include="CStringHelper.h">
      <Filter>Utilities</Filter>
    </ClInclude>
    <ClInclude Include="CStringUtils.h">
      <Filter>Utilities</Filter>
    </ClInclude>
    <ClInclude Include="cVAOMeshManager.h">
      <Filter>VAO</Filter>
    </ClInclude>
    <ClInclude Include="sVAOInfo.h">
      <Filter>VAO</Filter>
    </ClInclude>
    <ClInclude Include="sVertex_xyz_rgba_n_uv2_bt.h">
      <Filter>GameObject</Filter>
    </ClInclude>
    <ClInclude Include="sTextureBindBlendInfo.h">
      <Filter>Header Files</Filter>
    </ClInclude>
    <ClInclude Include="C24BitBMPpixel.h">
      <Filter>Header Files</Filter>
    </ClInclude>
    <ClInclude Include="CTextureFromBMP.h">
      <Filter>Header Files</Filter>
    </ClInclude>
    <ClInclude Include="CTextureManager.h">
      <Filter>Header Files</Filter>
    </ClInclude>
    <ClInclude Include="CTexUnitInfoBrief.h">
      <Filter>Header Files</Filter>
    </ClInclude>
    <ClInclude Include="sMeshDrawInfo.h">
      <Filter>GameObject</Filter>
    </ClInclude>
    <ClInclude Include="iPhysicalObject.h">
      <Filter>GameObject</Filter>
    </ClInclude>
    <ClInclude Include="cPhysicalProperties.h">
      <Filter>Header Files</Filter>
    </ClInclude>
    <ClInclude Include="iCommand.h">
      <Filter>Header Files</Filter>
    </ClInclude>
    <ClInclude Include="MoveTo.h">
      <Filter>Header Files</Filter>
    </ClInclude>
  </ItemGroup>
  <ItemGroup>
    <None Include="assets\shaders\simpleVert.glsl">
      <Filter>Shaders</Filter>
    </None>
    <None Include="assets\shaders\simpleFrag.glsl">
      <Filter>Shaders</Filter>
    </None>
  </ItemGroup>
  <ItemGroup>
    <Text Include="codeSnippets.txt" />
    <Text Include="modelsAndScene.txt">
      <Filter>Utilities</Filter>
    </Text>
  </ItemGroup>
</Project>